
Microsoft Visual Studio Solution File, Format Version 12.00
# Visual Studio Version 17
VisualStudioVersion = 17.0.31903.59
MinimumVisualStudioVersion = 10.0.40219.1
Project("{2150E333-8FDC-42A3-9474-1A3956D46DE8}") = "src", "src", "{827E0CD3-B72D-47B6-A68D-7590B98EB39B}"
EndProject
Project("{FAE04EC0-301F-11D3-BF4B-00C04F79EFBC}") = "Ratsbucks", "src\Ratsbucks\Ratsbucks.csproj", "{090BD052-790B-4E28-BA3F-AE3F570C4A1F}"
EndProject
Project("{FAE04EC0-301F-11D3-BF4B-00C04F79EFBC}") = "Ratsbucks.Mac", "src\Ratsbucks.Mac\Ratsbucks.Mac.csproj", "{EC3F29B8-E9B5-4C3B-BADE-59894859E15A}"
EndProject
Project("{FAE04EC0-301F-11D3-BF4B-00C04F79EFBC}") = "Ratsbucks.iOS", "src\Ratsbucks.iOS\Ratsbucks.iOS.csproj", "{5F54C54D-CC1B-4D27-AFDC-25AEA0344C37}"
EndProject
Project("{FAE04EC0-301F-11D3-BF4B-00C04F79EFBC}") = "Ratsbucks.WinUI", "src\Ratsbucks.WinUI\Ratsbucks.WinUI.csproj", "{990354AB-F57F-4F2E-88ED-7A34F8D5B93F}"
EndProject
Project("{FAE04EC0-301F-11D3-BF4B-00C04F79EFBC}") = "Ratsbucks.Droid", "src\Ratsbucks.Droid\Ratsbucks.Droid.csproj", "{4851D8C5-9C5D-4C68-9F80-D24628EB0E8D}"
EndProject
Global
	GlobalSection(SolutionConfigurationPlatforms) = preSolution
		Debug|Any CPU = Debug|Any CPU
		Debug|x64 = Debug|x64
		Debug|x86 = Debug|x86
		Release|Any CPU = Release|Any CPU
		Release|x64 = Release|x64
		Release|x86 = Release|x86
	EndGlobalSection
	GlobalSection(ProjectConfigurationPlatforms) = postSolution
		{090BD052-790B-4E28-BA3F-AE3F570C4A1F}.Debug|Any CPU.ActiveCfg = Debug|Any CPU
		{090BD052-790B-4E28-BA3F-AE3F570C4A1F}.Debug|Any CPU.Build.0 = Debug|Any CPU
		{090BD052-790B-4E28-BA3F-AE3F570C4A1F}.Debug|x64.ActiveCfg = Debug|Any CPU
		{090BD052-790B-4E28-BA3F-AE3F570C4A1F}.Debug|x64.Build.0 = Debug|Any CPU
		{090BD052-790B-4E28-BA3F-AE3F570C4A1F}.Debug|x86.ActiveCfg = Debug|Any CPU
		{090BD052-790B-4E28-BA3F-AE3F570C4A1F}.Debug|x86.Build.0 = Debug|Any CPU
		{090BD052-790B-4E28-BA3F-AE3F570C4A1F}.Release|Any CPU.ActiveCfg = Release|Any CPU
		{090BD052-790B-4E28-BA3F-AE3F570C4A1F}.Release|Any CPU.Build.0 = Release|Any CPU
		{090BD052-790B-4E28-BA3F-AE3F570C4A1F}.Release|x64.ActiveCfg = Release|Any CPU
		{090BD052-790B-4E28-BA3F-AE3F570C4A1F}.Release|x64.Build.0 = Release|Any CPU
		{090BD052-790B-4E28-BA3F-AE3F570C4A1F}.Release|x86.ActiveCfg = Release|Any CPU
		{090BD052-790B-4E28-BA3F-AE3F570C4A1F}.Release|x86.Build.0 = Release|Any CPU
		{EC3F29B8-E9B5-4C3B-BADE-59894859E15A}.Debug|Any CPU.ActiveCfg = Debug|Any CPU
		{EC3F29B8-E9B5-4C3B-BADE-59894859E15A}.Debug|Any CPU.Build.0 = Debug|Any CPU
		{EC3F29B8-E9B5-4C3B-BADE-59894859E15A}.Debug|x64.ActiveCfg = Debug|Any CPU
		{EC3F29B8-E9B5-4C3B-BADE-59894859E15A}.Debug|x64.Build.0 = Debug|Any CPU
		{EC3F29B8-E9B5-4C3B-BADE-59894859E15A}.Debug|x86.ActiveCfg = Debug|Any CPU
		{EC3F29B8-E9B5-4C3B-BADE-59894859E15A}.Debug|x86.Build.0 = Debug|Any CPU
		{EC3F29B8-E9B5-4C3B-BADE-59894859E15A}.Release|Any CPU.ActiveCfg = Release|Any CPU
		{EC3F29B8-E9B5-4C3B-BADE-59894859E15A}.Release|Any CPU.Build.0 = Release|Any CPU
		{EC3F29B8-E9B5-4C3B-BADE-59894859E15A}.Release|x64.ActiveCfg = Release|Any CPU
		{EC3F29B8-E9B5-4C3B-BADE-59894859E15A}.Release|x64.Build.0 = Release|Any CPU
		{EC3F29B8-E9B5-4C3B-BADE-59894859E15A}.Release|x86.ActiveCfg = Release|Any CPU
		{EC3F29B8-E9B5-4C3B-BADE-59894859E15A}.Release|x86.Build.0 = Release|Any CPU
		{5F54C54D-CC1B-4D27-AFDC-25AEA0344C37}.Debug|Any CPU.ActiveCfg = Debug|Any CPU
		{5F54C54D-CC1B-4D27-AFDC-25AEA0344C37}.Debug|Any CPU.Build.0 = Debug|Any CPU
		{5F54C54D-CC1B-4D27-AFDC-25AEA0344C37}.Debug|x64.ActiveCfg = Debug|Any CPU
		{5F54C54D-CC1B-4D27-AFDC-25AEA0344C37}.Debug|x64.Build.0 = Debug|Any CPU
		{5F54C54D-CC1B-4D27-AFDC-25AEA0344C37}.Debug|x86.ActiveCfg = Debug|Any CPU
		{5F54C54D-CC1B-4D27-AFDC-25AEA0344C37}.Debug|x86.Build.0 = Debug|Any CPU
		{5F54C54D-CC1B-4D27-AFDC-25AEA0344C37}.Release|Any CPU.ActiveCfg = Release|Any CPU
		{5F54C54D-CC1B-4D27-AFDC-25AEA0344C37}.Release|Any CPU.Build.0 = Release|Any CPU
		{5F54C54D-CC1B-4D27-AFDC-25AEA0344C37}.Release|x64.ActiveCfg = Release|Any CPU
		{5F54C54D-CC1B-4D27-AFDC-25AEA0344C37}.Release|x64.Build.0 = Release|Any CPU
		{5F54C54D-CC1B-4D27-AFDC-25AEA0344C37}.Release|x86.ActiveCfg = Release|Any CPU
		{5F54C54D-CC1B-4D27-AFDC-25AEA0344C37}.Release|x86.Build.0 = Release|Any CPU
		{990354AB-F57F-4F2E-88ED-7A34F8D5B93F}.Debug|Any CPU.ActiveCfg = Debug|x64
		{990354AB-F57F-4F2E-88ED-7A34F8D5B93F}.Debug|Any CPU.Build.0 = Debug|x64
		{990354AB-F57F-4F2E-88ED-7A34F8D5B93F}.Debug|x64.ActiveCfg = Debug|x64
		{990354AB-F57F-4F2E-88ED-7A34F8D5B93F}.Debug|x64.Build.0 = Debug|x64
		{990354AB-F57F-4F2E-88ED-7A34F8D5B93F}.Debug|x86.ActiveCfg = Debug|x64
		{990354AB-F57F-4F2E-88ED-7A34F8D5B93F}.Debug|x86.Build.0 = Debug|x64
		{990354AB-F57F-4F2E-88ED-7A34F8D5B93F}.Release|Any CPU.ActiveCfg = Release|x64
		{990354AB-F57F-4F2E-88ED-7A34F8D5B93F}.Release|Any CPU.Build.0 = Release|x64
		{990354AB-F57F-4F2E-88ED-7A34F8D5B93F}.Release|x64.ActiveCfg = Release|x64
		{990354AB-F57F-4F2E-88ED-7A34F8D5B93F}.Release|x64.Build.0 = Release|x64
		{990354AB-F57F-4F2E-88ED-7A34F8D5B93F}.Release|x86.ActiveCfg = Release|x64
		{990354AB-F57F-4F2E-88ED-7A34F8D5B93F}.Release|x86.Build.0 = Release|x64
		{4851D8C5-9C5D-4C68-9F80-D24628EB0E8D}.Debug|Any CPU.ActiveCfg = Debug|Any CPU
		{4851D8C5-9C5D-4C68-9F80-D24628EB0E8D}.Debug|Any CPU.Build.0 = Debug|Any CPU
		{4851D8C5-9C5D-4C68-9F80-D24628EB0E8D}.Debug|x64.ActiveCfg = Debug|Any CPU
		{4851D8C5-9C5D-4C68-9F80-D24628EB0E8D}.Debug|x64.Build.0 = Debug|Any CPU
		{4851D8C5-9C5D-4C68-9F80-D24628EB0E8D}.Debug|x86.ActiveCfg = Debug|Any CPU
		{4851D8C5-9C5D-4C68-9F80-D24628EB0E8D}.Debug|x86.Build.0 = Debug|Any CPU
		{4851D8C5-9C5D-4C68-9F80-D24628EB0E8D}.Release|Any CPU.ActiveCfg = Release|Any CPU
		{4851D8C5-9C5D-4C68-9F80-D24628EB0E8D}.Release|Any CPU.Build.0 = Release|Any CPU
		{4851D8C5-9C5D-4C68-9F80-D24628EB0E8D}.Release|x64.ActiveCfg = Release|Any CPU
		{4851D8C5-9C5D-4C68-9F80-D24628EB0E8D}.Release|x64.Build.0 = Release|Any CPU
		{4851D8C5-9C5D-4C68-9F80-D24628EB0E8D}.Release|x86.ActiveCfg = Release|Any CPU
		{4851D8C5-9C5D-4C68-9F80-D24628EB0E8D}.Release|x86.Build.0 = Release|Any CPU
	EndGlobalSection
	GlobalSection(SolutionProperties) = preSolution
		HideSolutionNode = FALSE
	EndGlobalSection
	GlobalSection(NestedProjects) = preSolution
		{090BD052-790B-4E28-BA3F-AE3F570C4A1F} = {827E0CD3-B72D-47B6-A68D-7590B98EB39B}
		{EC3F29B8-E9B5-4C3B-BADE-59894859E15A} = {827E0CD3-B72D-47B6-A68D-7590B98EB39B}
		{5F54C54D-CC1B-4D27-AFDC-25AEA0344C37} = {827E0CD3-B72D-47B6-A68D-7590B98EB39B}
		{990354AB-F57F-4F2E-88ED-7A34F8D5B93F} = {827E0CD3-B72D-47B6-A68D-7590B98EB39B}
		{4851D8C5-9C5D-4C68-9F80-D24628EB0E8D} = {827E0CD3-B72D-47B6-A68D-7590B98EB39B}
	EndGlobalSection
EndGlobal
